
Microsoft Visual Studio Solution File, Format Version 12.00
# Visual Studio 15
VisualStudioVersion = 15.0.26124.0
MinimumVisualStudioVersion = 15.0.26124.0
Project("{FAE04EC0-301F-11D3-BF4B-00C04F79EFBC}") = "Core", "src\Core\Core.csproj", "{F67C24C9-4598-4816-98C9-6BB959EBACCA}"
EndProject
Project("{2150E333-8FDC-42A3-9474-1A3956D46DE8}") = "src", "src", "{978A9E26-BD00-4488-A4BC-60373D928788}"
EndProject
Project("{2150E333-8FDC-42A3-9474-1A3956D46DE8}") = "tests", "tests", "{9607D8B1-E3AE-4A43-94E2-37A9D62D7F96}"
EndProject
Project("{FAE04EC0-301F-11D3-BF4B-00C04F79EFBC}") = "Core.Tests", "tests\Core\Core.Tests\Core.Tests.csproj", "{7076CC5F-C946-4C7D-90BA-33562FFCEFF5}"
EndProject
Project("{2150E333-8FDC-42A3-9474-1A3956D46DE8}") = "Adapters", "Adapters", "{3595F69D-576F-444E-84C9-C1156AE6AC5D}"
EndProject
Project("{FAE04EC0-301F-11D3-BF4B-00C04F79EFBC}") = "FundaWebApiServiceAdapter", "src\Adapters\FundaWebApiServiceAdapter\FundaWebApiServiceAdapter.csproj", "{DCC8FE48-A19C-4A8C-82A9-E2CB672895D6}"
EndProject
Project("{2150E333-8FDC-42A3-9474-1A3956D46DE8}") = "Host", "Host", "{9303ED88-36B7-484D-95DF-7AD09FBEB8D5}"
EndProject
Project("{FAE04EC0-301F-11D3-BF4B-00C04F79EFBC}") = "FundaConsoleHost", "src\Host\FundaConsoleHost\FundaConsoleHost.csproj", "{9F47ABF6-3E9D-46B5-AF7A-48D2AD5F4DEB}"
EndProject
Global
	GlobalSection(SolutionConfigurationPlatforms) = preSolution
		Debug|Any CPU = Debug|Any CPU
		Debug|x64 = Debug|x64
		Debug|x86 = Debug|x86
		Release|Any CPU = Release|Any CPU
		Release|x64 = Release|x64
		Release|x86 = Release|x86
	EndGlobalSection
	GlobalSection(SolutionProperties) = preSolution
		HideSolutionNode = FALSE
	EndGlobalSection
	GlobalSection(ProjectConfigurationPlatforms) = postSolution
		{F67C24C9-4598-4816-98C9-6BB959EBACCA}.Debug|Any CPU.ActiveCfg = Debug|Any CPU
		{F67C24C9-4598-4816-98C9-6BB959EBACCA}.Debug|Any CPU.Build.0 = Debug|Any CPU
		{F67C24C9-4598-4816-98C9-6BB959EBACCA}.Debug|x64.ActiveCfg = Debug|Any CPU
		{F67C24C9-4598-4816-98C9-6BB959EBACCA}.Debug|x64.Build.0 = Debug|Any CPU
		{F67C24C9-4598-4816-98C9-6BB959EBACCA}.Debug|x86.ActiveCfg = Debug|Any CPU
		{F67C24C9-4598-4816-98C9-6BB959EBACCA}.Debug|x86.Build.0 = Debug|Any CPU
		{F67C24C9-4598-4816-98C9-6BB959EBACCA}.Release|Any CPU.ActiveCfg = Release|Any CPU
		{F67C24C9-4598-4816-98C9-6BB959EBACCA}.Release|Any CPU.Build.0 = Release|Any CPU
		{F67C24C9-4598-4816-98C9-6BB959EBACCA}.Release|x64.ActiveCfg = Release|Any CPU
		{F67C24C9-4598-4816-98C9-6BB959EBACCA}.Release|x64.Build.0 = Release|Any CPU
		{F67C24C9-4598-4816-98C9-6BB959EBACCA}.Release|x86.ActiveCfg = Release|Any CPU
		{F67C24C9-4598-4816-98C9-6BB959EBACCA}.Release|x86.Build.0 = Release|Any CPU
		{7076CC5F-C946-4C7D-90BA-33562FFCEFF5}.Debug|Any CPU.ActiveCfg = Debug|Any CPU
		{7076CC5F-C946-4C7D-90BA-33562FFCEFF5}.Debug|Any CPU.Build.0 = Debug|Any CPU
		{7076CC5F-C946-4C7D-90BA-33562FFCEFF5}.Debug|x64.ActiveCfg = Debug|Any CPU
		{7076CC5F-C946-4C7D-90BA-33562FFCEFF5}.Debug|x64.Build.0 = Debug|Any CPU
		{7076CC5F-C946-4C7D-90BA-33562FFCEFF5}.Debug|x86.ActiveCfg = Debug|Any CPU
		{7076CC5F-C946-4C7D-90BA-33562FFCEFF5}.Debug|x86.Build.0 = Debug|Any CPU
		{7076CC5F-C946-4C7D-90BA-33562FFCEFF5}.Release|Any CPU.ActiveCfg = Release|Any CPU
		{7076CC5F-C946-4C7D-90BA-33562FFCEFF5}.Release|Any CPU.Build.0 = Release|Any CPU
		{7076CC5F-C946-4C7D-90BA-33562FFCEFF5}.Release|x64.ActiveCfg = Release|Any CPU
		{7076CC5F-C946-4C7D-90BA-33562FFCEFF5}.Release|x64.Build.0 = Release|Any CPU
		{7076CC5F-C946-4C7D-90BA-33562FFCEFF5}.Release|x86.ActiveCfg = Release|Any CPU
		{7076CC5F-C946-4C7D-90BA-33562FFCEFF5}.Release|x86.Build.0 = Release|Any CPU
		{DCC8FE48-A19C-4A8C-82A9-E2CB672895D6}.Debug|Any CPU.ActiveCfg = Debug|Any CPU
		{DCC8FE48-A19C-4A8C-82A9-E2CB672895D6}.Debug|Any CPU.Build.0 = Debug|Any CPU
		{DCC8FE48-A19C-4A8C-82A9-E2CB672895D6}.Debug|x64.ActiveCfg = Debug|Any CPU
		{DCC8FE48-A19C-4A8C-82A9-E2CB672895D6}.Debug|x64.Build.0 = Debug|Any CPU
		{DCC8FE48-A19C-4A8C-82A9-E2CB672895D6}.Debug|x86.ActiveCfg = Debug|Any CPU
		{DCC8FE48-A19C-4A8C-82A9-E2CB672895D6}.Debug|x86.Build.0 = Debug|Any CPU
		{DCC8FE48-A19C-4A8C-82A9-E2CB672895D6}.Release|Any CPU.ActiveCfg = Release|Any CPU
		{DCC8FE48-A19C-4A8C-82A9-E2CB672895D6}.Release|Any CPU.Build.0 = Release|Any CPU
		{DCC8FE48-A19C-4A8C-82A9-E2CB672895D6}.Release|x64.ActiveCfg = Release|Any CPU
		{DCC8FE48-A19C-4A8C-82A9-E2CB672895D6}.Release|x64.Build.0 = Release|Any CPU
		{DCC8FE48-A19C-4A8C-82A9-E2CB672895D6}.Release|x86.ActiveCfg = Release|Any CPU
		{DCC8FE48-A19C-4A8C-82A9-E2CB672895D6}.Release|x86.Build.0 = Release|Any CPU
		{9F47ABF6-3E9D-46B5-AF7A-48D2AD5F4DEB}.Debug|Any CPU.ActiveCfg = Debug|Any CPU
		{9F47ABF6-3E9D-46B5-AF7A-48D2AD5F4DEB}.Debug|Any CPU.Build.0 = Debug|Any CPU
		{9F47ABF6-3E9D-46B5-AF7A-48D2AD5F4DEB}.Debug|x64.ActiveCfg = Debug|Any CPU
		{9F47ABF6-3E9D-46B5-AF7A-48D2AD5F4DEB}.Debug|x64.Build.0 = Debug|Any CPU
		{9F47ABF6-3E9D-46B5-AF7A-48D2AD5F4DEB}.Debug|x86.ActiveCfg = Debug|Any CPU
		{9F47ABF6-3E9D-46B5-AF7A-48D2AD5F4DEB}.Debug|x86.Build.0 = Debug|Any CPU
		{9F47ABF6-3E9D-46B5-AF7A-48D2AD5F4DEB}.Release|Any CPU.ActiveCfg = Release|Any CPU
		{9F47ABF6-3E9D-46B5-AF7A-48D2AD5F4DEB}.Release|Any CPU.Build.0 = Release|Any CPU
		{9F47ABF6-3E9D-46B5-AF7A-48D2AD5F4DEB}.Release|x64.ActiveCfg = Release|Any CPU
		{9F47ABF6-3E9D-46B5-AF7A-48D2AD5F4DEB}.Release|x64.Build.0 = Release|Any CPU
		{9F47ABF6-3E9D-46B5-AF7A-48D2AD5F4DEB}.Release|x86.ActiveCfg = Release|Any CPU
		{9F47ABF6-3E9D-46B5-AF7A-48D2AD5F4DEB}.Release|x86.Build.0 = Release|Any CPU
	EndGlobalSection
	GlobalSection(NestedProjects) = preSolution
		{F67C24C9-4598-4816-98C9-6BB959EBACCA} = {978A9E26-BD00-4488-A4BC-60373D928788}
		{7076CC5F-C946-4C7D-90BA-33562FFCEFF5} = {9607D8B1-E3AE-4A43-94E2-37A9D62D7F96}
		{3595F69D-576F-444E-84C9-C1156AE6AC5D} = {978A9E26-BD00-4488-A4BC-60373D928788}
		{DCC8FE48-A19C-4A8C-82A9-E2CB672895D6} = {3595F69D-576F-444E-84C9-C1156AE6AC5D}
		{9303ED88-36B7-484D-95DF-7AD09FBEB8D5} = {978A9E26-BD00-4488-A4BC-60373D928788}
		{9F47ABF6-3E9D-46B5-AF7A-48D2AD5F4DEB} = {9303ED88-36B7-484D-95DF-7AD09FBEB8D5}
	EndGlobalSection
EndGlobal
